<?xml version="1.0" encoding="utf-8"?>
<Project ToolsVersion="17.0" xmlns="http://schemas.microsoft.com/developer/msbuild/2003">
  <ItemGroup>
    <ClCompile Include="D:\projects\alear\CMakeFiles\alear.dir\cmake_pch.cxx">
      <Filter>Source Files</Filter>
    </ClCompile>
    <ClCompile Include="D:\projects\alear\code\Alear\alear.cpp">
      <Filter>Source Files</Filter>
    </ClCompile>
    <ClCompile Include="D:\projects\alear\code\Alear\alearcam.cpp">
      <Filter>Source Files</Filter>
    </ClCompile>
    <ClCompile Include="D:\projects\alear\code\Alear\alearconf.cpp">
      <Filter>Source Files</Filter>
    </ClCompile>
    <ClCompile Include="D:\projects\alear\code\Alear\alearlauncher.cpp">
      <Filter>Source Files</Filter>
    </ClCompile>
    <ClCompile Include="D:\projects\alear\code\Alear\alearoptui.cpp">
      <Filter>Source Files</Filter>
    </ClCompile>
    <ClCompile Include="D:\projects\alear\code\Alear\alearshared.cpp">
      <Filter>Source Files</Filter>
    </ClCompile>
    <ClCompile Include="D:\projects\alear\code\Alear\alearsync.cpp">
      <Filter>Source Files</Filter>
    </ClCompile>
    <ClCompile Include="D:\projects\alear\code\Alear\alearvm.cpp">
      <Filter>Source Files</Filter>
    </ClCompile>
    <ClCompile Include="D:\projects\alear\code\Alear\customization\emotes.cpp">
      <Filter>Source Files</Filter>
    </ClCompile>
    <ClCompile Include="D:\projects\alear\code\Alear\customization\popitstyles.cpp">
      <Filter>Source Files</Filter>
    </ClCompile>
    <ClCompile Include="D:\projects\alear\code\Alear\customization\slapstyles.cpp">
      <Filter>Source Files</Filter>
    </ClCompile>
    <ClCompile Include="D:\projects\alear\code\Alear\customization\styles.cpp">
      <Filter>Source Files</Filter>
    </ClCompile>
    <ClCompile Include="D:\projects\alear\code\Alear\fwatch.cpp">
      <Filter>Source Files</Filter>
    </ClCompile>
    <ClCompile Include="D:\projects\alear\code\Alear\gfxparams.cpp">
      <Filter>Source Files</Filter>
    </ClCompile>
    <ClCompile Include="D:\projects\alear\code\Alear\outfits.cpp">
      <Filter>Source Files</Filter>
    </ClCompile>
    <ClCompile Include="D:\projects\alear\code\Alear\pins.cpp">
      <Filter>Source Files</Filter>
    </ClCompile>
    <ClCompile Include="D:\projects\alear\code\Alear\podstyles.cpp">
      <Filter>Source Files</Filter>
    </ClCompile>
    <ClCompile Include="D:\projects\alear\code\Alear\portal.cpp">
      <Filter>Source Files</Filter>
    </ClCompile>
    <ClCompile Include="D:\projects\alear\code\Alear\powerup.cpp">
      <Filter>Source Files</Filter>
    </ClCompile>
    <ClCompile Include="D:\projects\alear\code\Alear\pswitch_ext.cpp">
      <Filter>Source Files</Filter>
    </ClCompile>
    <ClCompile Include="D:\projects\alear\code\Alear\resources\ResourceHooks.cpp">
      <Filter>Source Files</Filter>
    </ClCompile>
    <ClCompile Include="D:\projects\alear\code\Alear\resources\ResourceOutfitList.cpp">
      <Filter>Source Files</Filter>
    </ClCompile>
    <ClCompile Include="D:\projects\alear\code\Alear\resources\ResourcePins.cpp">
      <Filter>Source Files</Filter>
    </ClCompile>
    <ClCompile Include="D:\projects\alear\code\Alear\rpcs3.cpp">
      <Filter>Source Files</Filter>
    </ClCompile>
    <ClCompile Include="D:\projects\alear\code\Alear\serverswitcher.cpp">
      <Filter>Source Files</Filter>
    </ClCompile>
    <ClCompile Include="D:\projects\alear\code\Alear\shotgun.cpp">
      <Filter>Source Files</Filter>
    </ClCompile>
    <ClCompile Include="D:\projects\alear\code\CWLib\AnimBank.cpp">
      <Filter>Source Files</Filter>
    </ClCompile>
    <ClCompile Include="D:\projects\alear\code\CWLib\DebugCamera.cpp">
      <Filter>Source Files</Filter>
    </ClCompile>
    <ClCompile Include="D:\projects\alear\code\CWLib\Fart.cpp">
      <Filter>Source Files</Filter>
    </ClCompile>
    <ClCompile Include="D:\projects\alear\code\CWLib\FartRO.cpp">
      <Filter>Source Files</Filter>
    </ClCompile>
    <ClCompile Include="D:\projects\alear\code\CWLib\GetLoginCookieTask.cpp">
      <Filter>Source Files</Filter>
    </ClCompile>
    <ClCompile Include="D:\projects\alear\code\CWLib\GfxPool.cpp">
      <Filter>Source Files</Filter>
    </ClCompile>
    <ClCompile Include="D:\projects\alear\code\CWLib\InventoryItem.cpp">
      <Filter>Source Files</Filter>
    </ClCompile>
    <ClCompile Include="D:\projects\alear\code\CWLib\InventoryView.cpp">
      <Filter>Source Files</Filter>
    </ClCompile>
    <ClCompile Include="D:\projects\alear\code\CWLib\LoadingScreen.cpp">
      <Filter>Source Files</Filter>
    </ClCompile>
    <ClCompile Include="D:\projects\alear\code\CWLib\MMAudio.cpp">
      <Filter>Source Files</Filter>
    </ClCompile>
    <ClCompile Include="D:\projects\alear\code\CWLib\MemoryTexture.cpp">
      <Filter>Source Files</Filter>
    </ClCompile>
    <ClCompile Include="D:\projects\alear\code\CWLib\PartCostume.cpp">
      <Filter>Source Files</Filter>
    </ClCompile>
    <ClCompile Include="D:\projects\alear\code\CWLib\PartCreature.cpp">
      <Filter>Source Files</Filter>
    </ClCompile>
    <ClCompile Include="D:\projects\alear\code\CWLib\PartGameplayData.cpp">
      <Filter>Source Files</Filter>
    </ClCompile>
    <ClCompile Include="D:\projects\alear\code\CWLib\PartPhysicsWorld.cpp">
      <Filter>Source Files</Filter>
    </ClCompile>
    <ClCompile Include="D:\projects\alear\code\CWLib\PartRenderPosition.cpp">
      <Filter>Source Files</Filter>
    </ClCompile>
    <ClCompile Include="D:\projects\alear\code\CWLib\PartYellowHead.cpp">
      <Filter>Source Files</Filter>
    </ClCompile>
    <ClCompile Include="D:\projects\alear\code\CWLib\PolyBubble.cpp">
      <Filter>Source Files</Filter>
    </ClCompile>
    <ClCompile Include="D:\projects\alear\code\CWLib\Poppet.cpp">
      <Filter>Source Files</Filter>
    </ClCompile>
    <ClCompile Include="D:\projects\alear\code\CWLib\PoppetBubble.cpp">
      <Filter>Source Files</Filter>
    </ClCompile>
    <ClCompile Include="D:\projects\alear\code\CWLib\PoppetChild.cpp">
      <Filter>Source Files</Filter>
    </ClCompile>
    <ClCompile Include="D:\projects\alear\code\CWLib\RenderYellowHead.cpp">
      <Filter>Source Files</Filter>
    </ClCompile>
    <ClCompile Include="D:\projects\alear\code\CWLib\Resource.cpp">
      <Filter>Source Files</Filter>
    </ClCompile>
    <ClCompile Include="D:\projects\alear\code\CWLib\ResourceGFXFont.cpp">
      <Filter>Source Files</Filter>
    </ClCompile>
    <ClCompile Include="D:\projects\alear\code\CWLib\ResourceGame.cpp">
      <Filter>Source Files</Filter>
    </ClCompile>
    <ClCompile Include="D:\projects\alear\code\CWLib\ResourceGuidSubst.cpp">
      <Filter>Source Files</Filter>
    </ClCompile>
    <ClCompile Include="D:\projects\alear\code\CWLib\ResourceLocalProfile.cpp">
      <Filter>Source Files</Filter>
    </ClCompile>
    <ClCompile Include="D:\projects\alear\code\CWLib\ResourcePlan.cpp">
      <Filter>Source Files</Filter>
    </ClCompile>
    <ClCompile Include="D:\projects\alear\code\CWLib\ResourceScript.cpp">
      <Filter>Source Files</Filter>
    </ClCompile>
    <ClCompile Include="D:\projects\alear\code\CWLib\ResourceSystem.cpp">
      <Filter>Source Files</Filter>
    </ClCompile>
    <ClCompile Include="D:\projects\alear\code\CWLib\ResourceTranslationTable.cpp">
      <Filter>Source Files</Filter>
    </ClCompile>
    <ClCompile Include="D:\projects\alear\code\CWLib\SackBoyAnim.cpp">
      <Filter>Source Files</Filter>
    </ClCompile>
    <ClCompile Include="D:\projects\alear\code\CWLib\SerialiseCW.cpp">
      <Filter>Source Files</Filter>
    </ClCompile>
    <ClCompile Include="D:\projects\alear\code\CWLib\SystemCommon.cpp">
      <Filter>Source Files</Filter>
    </ClCompile>
    <ClCompile Include="D:\projects\alear\code\CWLib\View.cpp">
      <Filter>Source Files</Filter>
    </ClCompile>
    <ClCompile Include="D:\projects\alear\code\CWLib\gfxAPI.cpp">
      <Filter>Source Files</Filter>
    </ClCompile>
    <ClCompile Include="D:\projects\alear\code\CWLib\gfxcore.cpp">
      <Filter>Source Files</Filter>
    </ClCompile>
    <ClCompile Include="D:\projects\alear\code\CWLib\gooey\GooeyNodeManager.cpp">
      <Filter>Source Files</Filter>
    </ClCompile>
    <ClCompile Include="D:\projects\alear\code\CWLib\network\NetworkManager.cpp">
      <Filter>Source Files</Filter>
    </ClCompile>
    <ClCompile Include="D:\projects\alear\code\CWLib\thing.cpp">
      <Filter>Source Files</Filter>
    </ClCompile>
    <ClCompile Include="D:\projects\alear\code\CWLib\vm\NativeRegistry.cpp">
      <Filter>Source Files</Filter>
    </ClCompile>
    <ClCompile Include="D:\projects\alear\code\CWLib\vm\ScriptContext.cpp">
      <Filter>Source Files</Filter>
    </ClCompile>
    <ClCompile Include="D:\projects\alear\code\CWLib\vm\ScriptFunction.cpp">
      <Filter>Source Files</Filter>
    </ClCompile>
    <ClCompile Include="D:\projects\alear\code\CWLib\vm\ScriptObject.cpp">
      <Filter>Source Files</Filter>
    </ClCompile>
    <ClCompile Include="D:\projects\alear\code\CWLib\vm\VMTypes.cpp">
      <Filter>Source Files</Filter>
    </ClCompile>
    <ClCompile Include="D:\projects\alear\code\CoreLib\Colour.cpp">
      <Filter>Source Files</Filter>
    </ClCompile>
    <ClCompile Include="D:\projects\alear\code\CoreLib\GUIDHashMap.cpp">
      <Filter>Source Files</Filter>
    </ClCompile>
    <ClCompile Include="D:\projects\alear\code\CoreLib\GuidHash.cpp">
      <Filter>Source Files</Filter>
    </ClCompile>
    <ClCompile Include="D:\projects\alear\code\CoreLib\HTTPClient.cpp">
      <Filter>Source Files</Filter>
    </ClCompile>
    <ClCompile Include="D:\projects\alear\code\CoreLib\Hash.cpp">
      <Filter>Source Files</Filter>
    </ClCompile>
    <ClCompile Include="D:\projects\alear\code\CoreLib\MMString.cpp">
      <Filter>Source Files</Filter>
    </ClCompile>
    <ClCompile Include="D:\projects\alear\code\CoreLib\Serialise.cpp">
      <Filter>Source Files</Filter>
    </ClCompile>
    <ClCompile Include="D:\projects\alear\code\CoreLib\StringUtil.cpp">
      <Filter>Source Files</Filter>
    </ClCompile>
    <ClCompile Include="D:\projects\alear\code\CoreLib\cell\DebugLog.cpp">
      <Filter>Source Files</Filter>
    </ClCompile>
    <ClCompile Include="D:\projects\alear\code\CoreLib\cell\thread.cpp">
      <Filter>Source Files</Filter>
    </ClCompile>
    <ClCompile Include="D:\projects\alear\code\CoreLib\clock.cpp">
      <Filter>Source Files</Filter>
    </ClCompile>
    <ClCompile Include="D:\projects\alear\code\CoreLib\fifo.cpp">
      <Filter>Source Files</Filter>
    </ClCompile>
    <ClCompile Include="D:\projects\alear\code\CoreLib\filepath.cpp">
      <Filter>Source Files</Filter>
    </ClCompile>
    <ClCompile Include="D:\projects\alear\code\CoreLib\mem.cpp">
      <Filter>Source Files</Filter>
    </ClCompile>
    <ClCompile Include="D:\projects\alear\code\CoreLib\mem_allocator.cpp">
      <Filter>Source Files</Filter>
    </ClCompile>
    <ClCompile Include="D:\projects\alear\code\CoreLib\sha1shared.cpp">
      <Filter>Source Files</Filter>
    </ClCompile>
    <ClCompile Include="D:\projects\alear\code\PrxLib\hook.cpp">
      <Filter>Source Files</Filter>
    </ClCompile>
    <ClCompile Include="D:\projects\alear\code\PrxLib\json.cpp">
      <Filter>Source Files</Filter>
    </ClCompile>
    <ClCompile Include="D:\projects\alear\code\PrxLib\mmalex.cpp">
      <Filter>Source Files</Filter>
    </ClCompile>
    <ClCompile Include="D:\projects\alear\code\PrxLib\printf.cpp">
      <Filter>Source Files</Filter>
    </ClCompile>
    <ClCompile Include="D:\projects\alear\code\main.cpp">
      <Filter>Source Files</Filter>
    </ClCompile>
  </ItemGroup>
  <ItemGroup>
    <ClInclude Include="D:\projects\alear\code\Alear\AlearSR.h">
      <Filter>Header Files</Filter>
    </ClInclude>
    <ClInclude Include="D:\projects\alear\code\Alear\Alear.h">
      <Filter>Header Files</Filter>
    </ClInclude>
    <ClInclude Include="D:\projects\alear\code\Alear\AlearDebugCamera.h">
      <Filter>Header Files</Filter>
    </ClInclude>
    <ClInclude Include="D:\projects\alear\code\Alear\AlearConfig.h">
      <Filter>Header Files</Filter>
    </ClInclude>
    <ClInclude Include="D:\projects\alear\code\Alear\alearlauncher.h">
      <Filter>Header Files</Filter>
    </ClInclude>
    <ClInclude Include="D:\projects\alear\code\Alear\AlearStartMenu.h">
      <Filter>Header Files</Filter>
    </ClInclude>
    <ClInclude Include="D:\projects\alear\code\Alear\AlearShared.h">
      <Filter>Header Files</Filter>
    </ClInclude>
    <ClInclude Include="D:\projects\alear\code\Alear\AlearSync.h">
      <Filter>Header Files</Filter>
    </ClInclude>
    <ClInclude Include="D:\projects\alear\code\Alear\AlearVM.h">
      <Filter>Header Files</Filter>
    </ClInclude>
    <ClInclude Include="D:\projects\alear\code\Alear\customization\Emotes.h">
      <Filter>Header Files</Filter>
    </ClInclude>
    <ClInclude Include="D:\projects\alear\code\Alear\customization\PoppetStyles.h">
      <Filter>Header Files</Filter>
    </ClInclude>
    <ClInclude Include="D:\projects\alear\code\Alear\customization\SlapStyles.h">
      <Filter>Header Files</Filter>
    </ClInclude>
    <ClInclude Include="D:\projects\alear\code\Alear\customization\styles.h">
      <Filter>Header Files</Filter>
    </ClInclude>
    <ClInclude Include="D:\projects\alear\code\Alear\FileWatcher.h">
      <Filter>Header Files</Filter>
    </ClInclude>
    <ClInclude Include="D:\projects\alear\code\Alear\OutfitSystem.h">
      <Filter>Header Files</Filter>
    </ClInclude>
    <ClInclude Include="D:\projects\alear\code\Alear\PinSystem.h">
      <Filter>Header Files</Filter>
    </ClInclude>
    <ClInclude Include="D:\projects\alear\code\Alear\PodStyles.h">
      <Filter>Header Files</Filter>
    </ClInclude>
    <ClInclude Include="D:\projects\alear\code\Alear\Portal.h">
      <Filter>Header Files</Filter>
    </ClInclude>
    <ClInclude Include="D:\projects\alear\code\Alear\Powerup.h">
      <Filter>Header Files</Filter>
    </ClInclude>
    <ClInclude Include="D:\projects\alear\code\Alear\resources\ResourceAnimatedTexture.h">
      <Filter>Header Files</Filter>
    </ClInclude>
    <ClInclude Include="D:\projects\alear\code\Alear\resources\ResourceHooks.h">
      <Filter>Header Files</Filter>
    </ClInclude>
    <ClInclude Include="D:\projects\alear\code\Alear\resources\ResourceOutfitList.h">
      <Filter>Header Files</Filter>
    </ClInclude>
    <ClInclude Include="D:\projects\alear\code\Alear\resources\ResourcePins.h">
      <Filter>Header Files</Filter>
    </ClInclude>
    <ClInclude Include="D:\projects\alear\code\Alear\RPCS3.h">
      <Filter>Header Files</Filter>
    </ClInclude>
    <ClInclude Include="D:\projects\alear\code\Alear\ServerSwitcher.h">
      <Filter>Header Files</Filter>
    </ClInclude>
    <ClInclude Include="D:\projects\alear\code\Alear\shotgun.h">
      <Filter>Header Files</Filter>
    </ClInclude>
    <ClInclude Include="D:\projects\alear\code\CWLib\AnimBank.h">
      <Filter>Header Files</Filter>
    </ClInclude>
    <ClInclude Include="D:\projects\alear\code\CWLib\Audio\FModAudioHandle.h">
      <Filter>Header Files</Filter>
    </ClInclude>
    <ClInclude Include="D:\projects\alear\code\CWLib\Avatar.h">
      <Filter>Header Files</Filter>
    </ClInclude>
    <ClInclude Include="D:\projects\alear\code\CWLib\Camera.h">
      <Filter>Header Files</Filter>
    </ClInclude>
    <ClInclude Include="D:\projects\alear\code\CWLib\DebugCamera.h">
      <Filter>Header Files</Filter>
    </ClInclude>
    <ClInclude Include="D:\projects\alear\code\CWLib\EggLink.h">
      <Filter>Header Files</Filter>
    </ClInclude>
    <ClInclude Include="D:\projects\alear\code\CWLib\Fart.h">
      <Filter>Header Files</Filter>
    </ClInclude>
    <ClInclude Include="D:\projects\alear\code\CWLib\FartRO.h">
      <Filter>Header Files</Filter>
    </ClInclude>
    <ClInclude Include="D:\projects\alear\code\CWLib\FontEnum.h">
      <Filter>Header Files</Filter>
    </ClInclude>
    <ClInclude Include="D:\projects\alear\code\CWLib\GFXApi.h">
      <Filter>Header Files</Filter>
    </ClInclude>
    <ClInclude Include="D:\projects\alear\code\CWLib\GetLoginCookieTask.h">
      <Filter>Header Files</Filter>
    </ClInclude>
    <ClInclude Include="D:\projects\alear\code\CWLib\GfxPool.h">
      <Filter>Header Files</Filter>
    </ClInclude>
    <ClInclude Include="D:\projects\alear\code\CWLib\Input.h">
      <Filter>Header Files</Filter>
    </ClInclude>
    <ClInclude Include="D:\projects\alear\code\CWLib\InputMode.h">
      <Filter>Header Files</Filter>
    </ClInclude>
    <ClInclude Include="D:\projects\alear\code\CWLib\InventoryItem.h">
      <Filter>Header Files</Filter>
    </ClInclude>
    <ClInclude Include="D:\projects\alear\code\CWLib\InventoryItemFlags.h">
      <Filter>Header Files</Filter>
    </ClInclude>
    <ClInclude Include="D:\projects\alear\code\CWLib\InventoryView.h">
      <Filter>Header Files</Filter>
    </ClInclude>
    <ClInclude Include="D:\projects\alear\code\CWLib\LoadingScreen.h">
      <Filter>Header Files</Filter>
    </ClInclude>
    <ClInclude Include="D:\projects\alear\code\CWLib\MMAudio.h">
      <Filter>Header Files</Filter>
    </ClInclude>
    <ClInclude Include="D:\projects\alear\code\CWLib\MemoryTexture.h">
      <Filter>Header Files</Filter>
    </ClInclude>
    <ClInclude Include="D:\projects\alear\code\CWLib\Mesh.h">
      <Filter>Header Files</Filter>
    </ClInclude>
    <ClInclude Include="D:\projects\alear\code\CWLib\MorphConstants.h">
      <Filter>Header Files</Filter>
    </ClInclude>
    <ClInclude Include="D:\projects\alear\code\CWLib\OverlayUI.h">
      <Filter>Header Files</Filter>
    </ClInclude>
    <ClInclude Include="D:\projects\alear\code\CWLib\PadEnums.h">
      <Filter>Header Files</Filter>
    </ClInclude>
    <ClInclude Include="D:\projects\alear\code\CWLib\Part.h">
      <Filter>Header Files</Filter>
    </ClInclude>
    <ClInclude Include="D:\projects\alear\code\CWLib\PartCostume.h">
      <Filter>Header Files</Filter>
    </ClInclude>
    <ClInclude Include="D:\projects\alear\code\CWLib\PartCreature.h">
      <Filter>Header Files</Filter>
    </ClInclude>
    <ClInclude Include="D:\projects\alear\code\CWLib\PartGameplayData.h">
      <Filter>Header Files</Filter>
    </ClInclude>
    <ClInclude Include="D:\projects\alear\code\CWLib\PartGeneratedMesh.h">
      <Filter>Header Files</Filter>
    </ClInclude>
    <ClInclude Include="D:\projects\alear\code\CWLib\PartGroup.h">
      <Filter>Header Files</Filter>
    </ClInclude>
    <ClInclude Include="D:\projects\alear\code\CWLib\PartLevelSettings.h">
      <Filter>Header Files</Filter>
    </ClInclude>
    <ClInclude Include="D:\projects\alear\code\CWLib\PartPhysicsWorld.h">
      <Filter>Header Files</Filter>
    </ClInclude>
    <ClInclude Include="D:\projects\alear\code\CWLib\PartRenderMesh.h">
      <Filter>Header Files</Filter>
    </ClInclude>
    <ClInclude Include="D:\projects\alear\code\CWLib\PartRenderPosition.h">
      <Filter>Header Files</Filter>
    </ClInclude>
    <ClInclude Include="D:\projects\alear\code\CWLib\PartScriptName.h">
      <Filter>Header Files</Filter>
    </ClInclude>
    <ClInclude Include="D:\projects\alear\code\CWLib\PartShape.h">
      <Filter>Header Files</Filter>
    </ClInclude>
    <ClInclude Include="D:\projects\alear\code\CWLib\PartSwitch.h">
      <Filter>Header Files</Filter>
    </ClInclude>
    <ClInclude Include="D:\projects\alear\code\CWLib\PartTypeEnum.h">
      <Filter>Header Files</Filter>
    </ClInclude>
    <ClInclude Include="D:\projects\alear\code\CWLib\PartYellowHead.h">
      <Filter>Header Files</Filter>
    </ClInclude>
    <ClInclude Include="D:\projects\alear\code\CWLib\PhotoMetaData.h">
      <Filter>Header Files</Filter>
    </ClInclude>
    <ClInclude Include="D:\projects\alear\code\CWLib\Player.h">
      <Filter>Header Files</Filter>
    </ClInclude>
    <ClInclude Include="D:\projects\alear\code\CWLib\PlayerColours.h">
      <Filter>Header Files</Filter>
    </ClInclude>
    <ClInclude Include="D:\projects\alear\code\CWLib\PlayerMetaData.h">
      <Filter>Header Files</Filter>
    </ClInclude>
    <ClInclude Include="D:\projects\alear\code\CWLib\PolyBubble.h">
      <Filter>Header Files</Filter>
    </ClInclude>
    <ClInclude Include="D:\projects\alear\code\CWLib\Poppet.h">
      <Filter>Header Files</Filter>
    </ClInclude>
    <ClInclude Include="D:\projects\alear\code\CWLib\PoppetBubble.h">
      <Filter>Header Files</Filter>
    </ClInclude>
    <ClInclude Include="D:\projects\alear\code\CWLib\PoppetChild.h">
      <Filter>Header Files</Filter>
    </ClInclude>
    <ClInclude Include="D:\projects\alear\code\CWLib\RaycastResults.h">
      <Filter>Header Files</Filter>
    </ClInclude>
    <ClInclude Include="D:\projects\alear\code\CWLib\ReflectionFindDependencies.h">
      <Filter>Header Files</Filter>
    </ClInclude>
    <ClInclude Include="D:\projects\alear\code\CWLib\RenderTarget.h">
      <Filter>Header Files</Filter>
    </ClInclude>
    <ClInclude Include="D:\projects\alear\code\CWLib\RenderYellowHead.h">
      <Filter>Header Files</Filter>
    </ClInclude>
    <ClInclude Include="D:\projects\alear\code\CWLib\Resource.h">
      <Filter>Header Files</Filter>
    </ClInclude>
    <ClInclude Include="D:\projects\alear\code\CWLib\ResourceBaseProfile.h">
      <Filter>Header Files</Filter>
    </ClInclude>
    <ClInclude Include="D:\projects\alear\code\CWLib\ResourceBevel.h">
      <Filter>Header Files</Filter>
    </ClInclude>
    <ClInclude Include="D:\projects\alear\code\CWLib\ResourceDescriptor.h">
      <Filter>Header Files</Filter>
    </ClInclude>
    <ClInclude Include="D:\projects\alear\code\CWLib\ResourceEnums.h">
      <Filter>Header Files</Filter>
    </ClInclude>
    <ClInclude Include="D:\projects\alear\code\CWLib\ResourceFileOfBytes.h">
      <Filter>Header Files</Filter>
    </ClInclude>
    <ClInclude Include="D:\projects\alear\code\CWLib\ResourceGFXFont.h">
      <Filter>Header Files</Filter>
    </ClInclude>
    <ClInclude Include="D:\projects\alear\code\CWLib\ResourceGFXMesh.h">
      <Filter>Header Files</Filter>
    </ClInclude>
    <ClInclude Include="D:\projects\alear\code\CWLib\ResourceGFXTexture.h">
      <Filter>Header Files</Filter>
    </ClInclude>
    <ClInclude Include="D:\projects\alear\code\CWLib\ResourceGame.h">
      <Filter>Header Files</Filter>
    </ClInclude>
    <ClInclude Include="D:\projects\alear\code\CWLib\ResourceGfxMaterial.h">
      <Filter>Header Files</Filter>
    </ClInclude>
    <ClInclude Include="D:\projects\alear\code\CWLib\ResourceGuidSubst.h">
      <Filter>Header Files</Filter>
    </ClInclude>
    <ClInclude Include="D:\projects\alear\code\CWLib\ResourceLevel.h">
      <Filter>Header Files</Filter>
    </ClInclude>
    <ClInclude Include="D:\projects\alear\code\CWLib\ResourceList.h">
      <Filter>Header Files</Filter>
    </ClInclude>
    <ClInclude Include="D:\projects\alear\code\CWLib\ResourceLocalProfile.h">
      <Filter>Header Files</Filter>
    </ClInclude>
    <ClInclude Include="D:\projects\alear\code\CWLib\ResourceMaterial.h">
      <Filter>Header Files</Filter>
    </ClInclude>
    <ClInclude Include="D:\projects\alear\code\CWLib\ResourcePlan.h">
      <Filter>Header Files</Filter>
    </ClInclude>
    <ClInclude Include="D:\projects\alear\code\CWLib\ResourcePointer.h">
      <Filter>Header Files</Filter>
    </ClInclude>
    <ClInclude Include="D:\projects\alear\code\CWLib\ResourceScript.h">
      <Filter>Header Files</Filter>
    </ClInclude>
    <ClInclude Include="D:\projects\alear\code\CWLib\ResourceSyncedProfile.h">
      <Filter>Header Files</Filter>
    </ClInclude>
    <ClInclude Include="D:\projects\alear\code\CWLib\ResourceSystem.h">
      <Filter>Header Files</Filter>
    </ClInclude>
    <ClInclude Include="D:\projects\alear\code\CWLib\ResourceTranslationTable.h">
      <Filter>Header Files</Filter>
    </ClInclude>
    <ClInclude Include="D:\projects\alear\code\CWLib\SackBoyAnim.h">
      <Filter>Header Files</Filter>
    </ClInclude>
    <ClInclude Include="D:\projects\alear\code\CWLib\SceneGraph.h">
      <Filter>Header Files</Filter>
    </ClInclude>
    <ClInclude Include="D:\projects\alear\code\CWLib\SerialisedResource.h">
      <Filter>Header Files</Filter>
    </ClInclude>
    <ClInclude Include="D:\projects\alear\code\CWLib\SharedSerialise.h">
      <Filter>Header Files</Filter>
    </ClInclude>
    <ClInclude Include="D:\projects\alear\code\CWLib\SlotID.h">
      <Filter>Header Files</Filter>
    </ClInclude>
    <ClInclude Include="D:\projects\alear\code\CWLib\StringLookupTable.h">
      <Filter>Header Files</Filter>
    </ClInclude>
    <ClInclude Include="D:\projects\alear\code\CWLib\System.h">
      <Filter>Header Files</Filter>
    </ClInclude>
    <ClInclude Include="D:\projects\alear\code\CWLib\TextureType.h">
      <Filter>Header Files</Filter>
    </ClInclude>
    <ClInclude Include="D:\projects\alear\code\CWLib\Variable.h">
      <Filter>Header Files</Filter>
    </ClInclude>
    <ClInclude Include="D:\projects\alear\code\CWLib\View.h">
      <Filter>Header Files</Filter>
    </ClInclude>
    <ClInclude Include="D:\projects\alear\code\CWLib\gfxcore.h">
      <Filter>Header Files</Filter>
    </ClInclude>
    <ClInclude Include="D:\projects\alear\code\CWLib\gooey\GooeyNode.h">
      <Filter>Header Files</Filter>
    </ClInclude>
    <ClInclude Include="D:\projects\alear\code\CWLib\gooey\GooeyNodeContainer.h">
      <Filter>Header Files</Filter>
    </ClInclude>
    <ClInclude Include="D:\projects\alear\code\CWLib\gooey\GooeyNodeManager.h">
      <Filter>Header Files</Filter>
    </ClInclude>
    <ClInclude Include="D:\projects\alear\code\CWLib\gooey\GooeyNodeManagerEnums.h">
      <Filter>Header Files</Filter>
    </ClInclude>
    <ClInclude Include="D:\projects\alear\code\CWLib\gooey\GooeyRender.h">
      <Filter>Header Files</Filter>
    </ClInclude>
    <ClInclude Include="D:\projects\alear\code\CWLib\gooey\GooeyScriptInterface.h">
      <Filter>Header Files</Filter>
    </ClInclude>
    <ClInclude Include="D:\projects\alear\code\CWLib\gooey\GooeySizing.h">
      <Filter>Header Files</Filter>
    </ClInclude>
    <ClInclude Include="D:\projects\alear\code\CWLib\gooey\ScriptedGooeyWrapper.h">
      <Filter>Header Files</Filter>
    </ClInclude>
    <ClInclude Include="D:\projects\alear\code\CWLib\hack_thingptr.h">
      <Filter>Header Files</Filter>
    </ClInclude>
    <ClInclude Include="D:\projects\alear\code\CWLib\network\NetworkManager.h">
      <Filter>Header Files</Filter>
    </ClInclude>
    <ClInclude Include="D:\projects\alear\code\CWLib\network\NetworkUtilsNP.h">
      <Filter>Header Files</Filter>
    </ClInclude>
    <ClInclude Include="D:\projects\alear\code\CWLib\padinput.h">
      <Filter>Header Files</Filter>
    </ClInclude>
    <ClInclude Include="D:\projects\alear\code\CWLib\scriptobjects\ScriptObjectCustom.h">
      <Filter>Header Files</Filter>
    </ClInclude>
    <ClInclude Include="D:\projects\alear\code\CWLib\thing.h">
      <Filter>Header Files</Filter>
    </ClInclude>
    <ClInclude Include="D:\projects\alear\code\CWLib\vm\ConvertTypes.h">
      <Filter>Header Files</Filter>
    </ClInclude>
    <ClInclude Include="D:\projects\alear\code\CWLib\vm\InstanceLayout.h">
      <Filter>Header Files</Filter>
    </ClInclude>
    <ClInclude Include="D:\projects\alear\code\CWLib\vm\NativeFunctionCracker.h">
      <Filter>Header Files</Filter>
    </ClInclude>
    <ClInclude Include="D:\projects\alear\code\CWLib\vm\NativeRegistry.h">
      <Filter>Header Files</Filter>
    </ClInclude>
    <ClInclude Include="D:\projects\alear\code\CWLib\vm\ScriptContext.h">
      <Filter>Header Files</Filter>
    </ClInclude>
    <ClInclude Include="D:\projects\alear\code\CWLib\vm\ScriptFunction.h">
      <Filter>Header Files</Filter>
    </ClInclude>
    <ClInclude Include="D:\projects\alear\code\CWLib\vm\ScriptInstance.h">
      <Filter>Header Files</Filter>
    </ClInclude>
    <ClInclude Include="D:\projects\alear\code\CWLib\vm\ScriptObject.h">
      <Filter>Header Files</Filter>
    </ClInclude>
    <ClInclude Include="D:\projects\alear\code\CWLib\vm\ScriptVariant.h">
      <Filter>Header Files</Filter>
    </ClInclude>
    <ClInclude Include="D:\projects\alear\code\CWLib\vm\VMInstruction.h">
      <Filter>Header Files</Filter>
    </ClInclude>
    <ClInclude Include="D:\projects\alear\code\CWLib\vm\VMTypes.h">
      <Filter>Header Files</Filter>
    </ClInclude>
    <ClInclude Include="D:\projects\alear\code\CoreLib\CalendarTime.h">
      <Filter>Header Files</Filter>
    </ClInclude>
    <ClInclude Include="D:\projects\alear\code\CoreLib\Clock.h">
      <Filter>Header Files</Filter>
    </ClInclude>
    <ClInclude Include="D:\projects\alear\code\CoreLib\Colour.h">
      <Filter>Header Files</Filter>
    </ClInclude>
    <ClInclude Include="D:\projects\alear\code\CoreLib\CritSec.h">
      <Filter>Header Files</Filter>
    </ClInclude>
    <ClInclude Include="D:\projects\alear\code\CoreLib\GuidHash.h">
      <Filter>Header Files</Filter>
    </ClInclude>
    <ClInclude Include="D:\projects\alear\code\CoreLib\GuidHashMap.h">
      <Filter>Header Files</Filter>
    </ClInclude>
    <ClInclude Include="D:\projects\alear\code\CoreLib\HTTPClient.h">
      <Filter>Header Files</Filter>
    </ClInclude>
    <ClInclude Include="D:\projects\alear\code\CoreLib\Hash.h">
      <Filter>Header Files</Filter>
    </ClInclude>
    <ClInclude Include="D:\projects\alear\code\CoreLib\MMString.h">
      <Filter>Header Files</Filter>
    </ClInclude>
    <ClInclude Include="D:\projects\alear\code\CoreLib\ReflectionVisitable.h">
      <Filter>Header Files</Filter>
    </ClInclude>
    <ClInclude Include="D:\projects\alear\code\CoreLib\Serialise.h">
      <Filter>Header Files</Filter>
    </ClInclude>
    <ClInclude Include="D:\projects\alear\code\CoreLib\SerialiseEnums.h">
      <Filter>Header Files</Filter>
    </ClInclude>
    <ClInclude Include="D:\projects\alear\code\CoreLib\StringUtil.h">
      <Filter>Header Files</Filter>
    </ClInclude>
    <ClInclude Include="D:\projects\alear\code\CoreLib\TextRange.h">
      <Filter>Header Files</Filter>
    </ClInclude>
    <ClInclude Include="D:\projects\alear\code\CoreLib\cell\DebugLog.h">
      <Filter>Header Files</Filter>
    </ClInclude>
    <ClInclude Include="D:\projects\alear\code\CoreLib\cell\thread.h">
      <Filter>Header Files</Filter>
    </ClInclude>
    <ClInclude Include="D:\projects\alear\code\CoreLib\fifo.h">
      <Filter>Header Files</Filter>
    </ClInclude>
    <ClInclude Include="D:\projects\alear\code\CoreLib\filepath.h">
      <Filter>Header Files</Filter>
    </ClInclude>
    <ClInclude Include="D:\projects\alear\code\CoreLib\mem.h">
      <Filter>Header Files</Filter>
    </ClInclude>
    <ClInclude Include="D:\projects\alear\code\CoreLib\mem_allocator.h">
      <Filter>Header Files</Filter>
    </ClInclude>
    <ClInclude Include="D:\projects\alear\code\CoreLib\mem_stl_buckets.h">
      <Filter>Header Files</Filter>
    </ClInclude>
    <ClInclude Include="D:\projects\alear\code\CoreLib\mmtypes.h">
      <Filter>Header Files</Filter>
    </ClInclude>
    <ClInclude Include="D:\projects\alear\code\CoreLib\refcount.h">
      <Filter>Header Files</Filter>
    </ClInclude>
    <ClInclude Include="D:\projects\alear\code\CoreLib\sha1.h">
      <Filter>Header Files</Filter>
    </ClInclude>
    <ClInclude Include="D:\projects\alear\code\CoreLib\v2_vectorised.h">
      <Filter>Header Files</Filter>
    </ClInclude>
    <ClInclude Include="D:\projects\alear\code\CoreLib\vector.h">
      <Filter>Header Files</Filter>
    </ClInclude>
    <ClInclude Include="D:\projects\alear\code\PrxLib\hook.h">
      <Filter>Header Files</Filter>
    </ClInclude>
    <ClInclude Include="D:\projects\alear\code\PrxLib\json.h">
      <Filter>Header Files</Filter>
    </ClInclude>
    <ClInclude Include="D:\projects\alear\code\PrxLib\json_ext.h">
      <Filter>Header Files</Filter>
    </ClInclude>
    <ClInclude Include="D:\projects\alear\code\PrxLib\mmalex.h">
      <Filter>Header Files</Filter>
    </ClInclude>
    <ClInclude Include="D:\projects\alear\code\PrxLib\ppcasm.h">
      <Filter>Header Files</Filter>
    </ClInclude>
    <ClInclude Include="D:\projects\alear\code\PrxLib\printf.h">
      <Filter>Header Files</Filter>
    </ClInclude>
    <ClInclude Include="D:\projects\alear\code\SM64\sm64\avatar.h">
      <Filter>Header Files</Filter>
    </ClInclude>
    <ClInclude Include="D:\projects\alear\code\SM64\sm64\init.h">
      <Filter>Header Files</Filter>
    </ClInclude>
    <ClInclude Include="D:\projects\alear\code\SM64\sm64\level.h">
      <Filter>Header Files</Filter>
    </ClInclude>
    <ClInclude Include="D:\projects\alear\code\Spuge\frustcull.h">
      <Filter>Header Files</Filter>
    </ClInclude>
    <ClInclude Include="D:\projects\alear\code\Spuge\raycast.h">
      <Filter>Header Files</Filter>
    </ClInclude>
    <ClInclude Include="D:\projects\alear\code\corelib.h">
      <Filter>Header Files</Filter>
    </ClInclude>
    <ClInclude Include="D:\projects\alear\code\cwlib.h">
      <Filter>Header Files</Filter>
    </ClInclude>
    <ClInclude Include="D:\projects\alear\CMakeFiles\alear.dir\Debug\cmake_pch.hxx">
      <Filter>Precompile Header File</Filter>
    </ClInclude>
    <ClInclude Include="D:\projects\alear\CMakeFiles\alear.dir\Release\cmake_pch.hxx">
      <Filter>Precompile Header File</Filter>
    </ClInclude>
    <ClInclude Include="D:\projects\alear\CMakeFiles\alear.dir\MinSizeRel\cmake_pch.hxx">
      <Filter>Precompile Header File</Filter>
    </ClInclude>
    <ClInclude Include="D:\projects\alear\CMakeFiles\alear.dir\RelWithDebInfo\cmake_pch.hxx">
      <Filter>Precompile Header File</Filter>
    </ClInclude>
  </ItemGroup>
  <ItemGroup>
    <CustomBuild Include="D:\projects\alear\CMakeLists.txt" />
  </ItemGroup>
  <ItemGroup>
    <None Include="D:\projects\alear\code\Alear\asm\alear_levelupdate_hook.s" />
    <None Include="D:\projects\alear\code\Alear\asm\alearcam_hooks.s" />
    <None Include="D:\projects\alear\code\Alear\asm\alearvm_hook.s" />
    <None Include="D:\projects\alear\code\Alear\asm\animstyles_hooks.s" />
    <None Include="D:\projects\alear\code\Alear\asm\creatureupdate_hook.s" />
    <None Include="D:\projects\alear\code\Alear\asm\divergence_hook.s" />
    <None Include="D:\projects\alear\code\Alear\asm\emote_hooks.s" />
    <None Include="D:\projects\alear\code\Alear\asm\getslapsound_hook.s" />
    <None Include="D:\projects\alear\code\Alear\asm\gfxbind_hook.s" />
    <None Include="D:\projects\alear\code\Alear\asm\global_hooks.s" />
    <None Include="D:\projects\alear\code\Alear\asm\gsub_hooks.s" />
    <None Include="D:\projects\alear\code\Alear\asm\outfitlist_hook.s" />
    <None Include="D:\projects\alear\code\Alear\asm\pin_hooks.s" />
    <None Include="D:\projects\alear\code\Alear\asm\podstyles_hooks.s" />
    <None Include="D:\projects\alear\code\Alear\asm\popit_hooks.s" />
    <None Include="D:\projects\alear\code\Alear\asm\portal_hook.s" />
    <None Include="D:\projects\alear\code\Alear\asm\resource_hooks.s" />
    <None Include="D:\projects\alear\code\Alear\asm\thing_hook.s" />
  </ItemGroup>
  <ItemGroup>
    <Filter Include="Header Files">
      <UniqueIdentifier>{40150401-91E5-30DD-94B3-F6A26E2899D4}</UniqueIdentifier>
    </Filter>
    <Filter Include="Precompile Header File">
      <UniqueIdentifier>{71BFF911-B331-32F1-964B-1586C5850755}</UniqueIdentifier>
    </Filter>
    <Filter Include="Source Files">
      <UniqueIdentifier>{1BEE81D9-AE4A-32C4-A0DF-70688CA93C9D}</UniqueIdentifier>
    </Filter>
  </ItemGroup>
</Project>
