<?xml version="1.0" encoding="utf-8"?>
<Project ToolsVersion="17.0" xmlns="http://schemas.microsoft.com/developer/msbuild/2003">
  <ItemGroup>
    <CustomBuild Include="D:\projects\alear\CMakeFiles\9c619e36bcd6b2e95db14c7e2f633cf7\generate.stamp.rule">
      <Filter>CMake Rules</Filter>
    </CustomBuild>
  </ItemGroup>
  <ItemGroup>
    <Filter Include="CMake Rules">
      <UniqueIdentifier>{BBD57B05-E3FC-3324-AD9B-4F7ED8C8E690}</UniqueIdentifier>
    </Filter>
  </ItemGroup>
</Project>
